// !$*UTF8*$!
{
	archiveVersion = 1;
	classes = {
	};
	objectVersion = 46;
	objects = {

/* Begin PBXBuildFile section */
		15D55BF6D526B9FF487204E3 /* libPods-SPWebView.a in Frameworks */ = {isa = PBXBuildFile; fileRef = FB2F1CC6F2CE93D2B7833784 /* libPods-SPWebView.a */; };
		1E1769AE2472B77E0082E7F4 /* LSPWebViewController.m in Sources */ = {isa = PBXBuildFile; fileRef = 1E1769AB2472B77E0082E7F4 /* LSPWebViewController.m */; };
		1E1769AF2472B77E0082E7F4 /* LSPWebView.m in Sources */ = {isa = PBXBuildFile; fileRef = 1E1769AC2472B77E0082E7F4 /* LSPWebView.m */; };
		1E4F856324892CA10001B979 /* SPBundleTools.m in Sources */ = {isa = PBXBuildFile; fileRef = 1E4F856224892CA10001B979 /* SPBundleTools.m */; };
		1E4F8566248932130001B979 /* UIBarButtonItem+JItem.m in Sources */ = {isa = PBXBuildFile; fileRef = 1E4F8565248932130001B979 /* UIBarButtonItem+JItem.m */; };
		E1025B951EB0DB21007CF292 /* main.m in Sources */ = {isa = PBXBuildFile; fileRef = E1025B941EB0DB21007CF292 /* main.m */; };
		E1025B981EB0DB21007CF292 /* AppDelegate.m in Sources */ = {isa = PBXBuildFile; fileRef = E1025B971EB0DB21007CF292 /* AppDelegate.m */; };
		E1025B9E1EB0DB21007CF292 /* Main.storyboard in Resources */ = {isa = PBXBuildFile; fileRef = E1025B9C1EB0DB21007CF292 /* Main.storyboard */; };
		E1025BA01EB0DB21007CF292 /* Assets.xcassets in Resources */ = {isa = PBXBuildFile; fileRef = E1025B9F1EB0DB21007CF292 /* Assets.xcassets */; };
		E1025BA31EB0DB21007CF292 /* LaunchScreen.storyboard in Resources */ = {isa = PBXBuildFile; fileRef = E1025BA11EB0DB21007CF292 /* LaunchScreen.storyboard */; };
		E124206B1EB3057100DB2837 /* CHWebView.png in Resources */ = {isa = PBXBuildFile; fileRef = E12420571EB3057100DB2837 /* CHWebView.png */; };
		E124206C1EB3057100DB2837 /* WebView.gif in Resources */ = {isa = PBXBuildFile; fileRef = E12420581EB3057100DB2837 /* WebView.gif */; };
		E124206D1EB3057100DB2837 /* SPWebListDemo.m in Sources */ = {isa = PBXBuildFile; fileRef = E124205C1EB3057100DB2837 /* SPWebListDemo.m */; };
		E124206E1EB3057100DB2837 /* SPWebVCDemo.m in Sources */ = {isa = PBXBuildFile; fileRef = E124205E1EB3057100DB2837 /* SPWebVCDemo.m */; };
		E12420731EB3057100DB2837 /* SPWebView.bundle in Resources */ = {isa = PBXBuildFile; fileRef = E12420691EB3057100DB2837 /* SPWebView.bundle */; };
		E12420751EB3249B00DB2837 /* README.md in Sources */ = {isa = PBXBuildFile; fileRef = E12420741EB3249B00DB2837 /* README.md */; };
		E1377B2D1EB1E18E008BC1A1 /* HomeVC.m in Sources */ = {isa = PBXBuildFile; fileRef = E1377B2C1EB1E18E008BC1A1 /* HomeVC.m */; };
/* End PBXBuildFile section */

/* Begin PBXFileReference section */
		0B64B115F3A31E0149E72DE7 /* Pods-SPWebView.release.xcconfig */ = {isa = PBXFileReference; includeInIndex = 1; lastKnownFileType = text.xcconfig; name = "Pods-SPWebView.release.xcconfig"; path = "Pods/Target Support Files/Pods-SPWebView/Pods-SPWebView.release.xcconfig"; sourceTree = "<group>"; };
		1E1769AA2472B77E0082E7F4 /* LSPWebViewController.h */ = {isa = PBXFileReference; fileEncoding = 4; lastKnownFileType = sourcecode.c.h; path = LSPWebViewController.h; sourceTree = "<group>"; };
		1E1769AB2472B77E0082E7F4 /* LSPWebViewController.m */ = {isa = PBXFileReference; fileEncoding = 4; lastKnownFileType = sourcecode.c.objc; path = LSPWebViewController.m; sourceTree = "<group>"; };
		1E1769AC2472B77E0082E7F4 /* LSPWebView.m */ = {isa = PBXFileReference; fileEncoding = 4; lastKnownFileType = sourcecode.c.objc; path = LSPWebView.m; sourceTree = "<group>"; };
		1E1769AD2472B77E0082E7F4 /* LSPWebView.h */ = {isa = PBXFileReference; fileEncoding = 4; lastKnownFileType = sourcecode.c.h; path = LSPWebView.h; sourceTree = "<group>"; };
		1E4F856124892CA10001B979 /* SPBundleTools.h */ = {isa = PBXFileReference; fileEncoding = 4; lastKnownFileType = sourcecode.c.h; path = SPBundleTools.h; sourceTree = "<group>"; };
		1E4F856224892CA10001B979 /* SPBundleTools.m */ = {isa = PBXFileReference; fileEncoding = 4; lastKnownFileType = sourcecode.c.objc; path = SPBundleTools.m; sourceTree = "<group>"; };
		1E4F856424892F130001B979 /* UIBarButtonItem+JItem.h */ = {isa = PBXFileReference; fileEncoding = 4; lastKnownFileType = sourcecode.c.h; path = "UIBarButtonItem+JItem.h"; sourceTree = "<group>"; };
		1E4F8565248932130001B979 /* UIBarButtonItem+JItem.m */ = {isa = PBXFileReference; fileEncoding = 4; lastKnownFileType = sourcecode.c.objc; path = "UIBarButtonItem+JItem.m"; sourceTree = "<group>"; };
		E1025B901EB0DB21007CF292 /* SPWebView.app */ = {isa = PBXFileReference; explicitFileType = wrapper.application; includeInIndex = 0; path = SPWebView.app; sourceTree = BUILT_PRODUCTS_DIR; };
		E1025B941EB0DB21007CF292 /* main.m */ = {isa = PBXFileReference; lastKnownFileType = sourcecode.c.objc; path = main.m; sourceTree = "<group>"; };
		E1025B961EB0DB21007CF292 /* AppDelegate.h */ = {isa = PBXFileReference; lastKnownFileType = sourcecode.c.h; path = AppDelegate.h; sourceTree = "<group>"; };
		E1025B971EB0DB21007CF292 /* AppDelegate.m */ = {isa = PBXFileReference; lastKnownFileType = sourcecode.c.objc; path = AppDelegate.m; sourceTree = "<group>"; };
		E1025B9D1EB0DB21007CF292 /* Base */ = {isa = PBXFileReference; lastKnownFileType = file.storyboard; name = Base; path = Base.lproj/Main.storyboard; sourceTree = "<group>"; };
		E1025B9F1EB0DB21007CF292 /* Assets.xcassets */ = {isa = PBXFileReference; lastKnownFileType = folder.assetcatalog; path = Assets.xcassets; sourceTree = "<group>"; };
		E1025BA21EB0DB21007CF292 /* Base */ = {isa = PBXFileReference; lastKnownFileType = file.storyboard; name = Base; path = Base.lproj/LaunchScreen.storyboard; sourceTree = "<group>"; };
		E1025BA41EB0DB21007CF292 /* Info.plist */ = {isa = PBXFileReference; lastKnownFileType = text.plist.xml; path = Info.plist; sourceTree = "<group>"; };
		E12420571EB3057100DB2837 /* CHWebView.png */ = {isa = PBXFileReference; lastKnownFileType = image.png; path = CHWebView.png; sourceTree = "<group>"; };
		E12420581EB3057100DB2837 /* WebView.gif */ = {isa = PBXFileReference; lastKnownFileType = image.gif; path = WebView.gif; sourceTree = "<group>"; };
		E124205B1EB3057100DB2837 /* SPWebListDemo.h */ = {isa = PBXFileReference; fileEncoding = 4; lastKnownFileType = sourcecode.c.h; path = SPWebListDemo.h; sourceTree = "<group>"; };
		E124205C1EB3057100DB2837 /* SPWebListDemo.m */ = {isa = PBXFileReference; fileEncoding = 4; lastKnownFileType = sourcecode.c.objc; path = SPWebListDemo.m; sourceTree = "<group>"; };
		E124205D1EB3057100DB2837 /* SPWebVCDemo.h */ = {isa = PBXFileReference; fileEncoding = 4; lastKnownFileType = sourcecode.c.h; path = SPWebVCDemo.h; sourceTree = "<group>"; };
		E124205E1EB3057100DB2837 /* SPWebVCDemo.m */ = {isa = PBXFileReference; fileEncoding = 4; lastKnownFileType = sourcecode.c.objc; path = SPWebVCDemo.m; sourceTree = "<group>"; };
		E12420691EB3057100DB2837 /* SPWebView.bundle */ = {isa = PBXFileReference; lastKnownFileType = "wrapper.plug-in"; path = SPWebView.bundle; sourceTree = "<group>"; };
		E12420741EB3249B00DB2837 /* README.md */ = {isa = PBXFileReference; fileEncoding = 4; lastKnownFileType = net.daringfireball.markdown; path = README.md; sourceTree = "<group>"; };
		E1377B2B1EB1E18E008BC1A1 /* HomeVC.h */ = {isa = PBXFileReference; fileEncoding = 4; lastKnownFileType = sourcecode.c.h; path = HomeVC.h; sourceTree = "<group>"; };
		E1377B2C1EB1E18E008BC1A1 /* HomeVC.m */ = {isa = PBXFileReference; fileEncoding = 4; lastKnownFileType = sourcecode.c.objc; path = HomeVC.m; sourceTree = "<group>"; };
		E7E9D5981AA8B614978872BF /* Pods-SPWebView.debug.xcconfig */ = {isa = PBXFileReference; includeInIndex = 1; lastKnownFileType = text.xcconfig; name = "Pods-SPWebView.debug.xcconfig"; path = "Pods/Target Support Files/Pods-SPWebView/Pods-SPWebView.debug.xcconfig"; sourceTree = "<group>"; };
		FB2F1CC6F2CE93D2B7833784 /* libPods-SPWebView.a */ = {isa = PBXFileReference; explicitFileType = archive.ar; includeInIndex = 0; path = "libPods-SPWebView.a"; sourceTree = BUILT_PRODUCTS_DIR; };
/* End PBXFileReference section */

/* Begin PBXFrameworksBuildPhase section */
		E1025B8D1EB0DB21007CF292 /* Frameworks */ = {
			isa = PBXFrameworksBuildPhase;
			buildActionMask = 2147483647;
			files = (
				15D55BF6D526B9FF487204E3 /* libPods-SPWebView.a in Frameworks */,
			);
			runOnlyForDeploymentPostprocessing = 0;
		};
/* End PBXFrameworksBuildPhase section */

/* Begin PBXGroup section */
		3A7B8E4ECBB6BA078B44A4C2 /* Frameworks */ = {
			isa = PBXGroup;
			children = (
				FB2F1CC6F2CE93D2B7833784 /* libPods-SPWebView.a */,
			);
			name = Frameworks;
			sourceTree = "<group>";
		};
		E1025B871EB0DB21007CF292 = {
			isa = PBXGroup;
			children = (
				E12420741EB3249B00DB2837 /* README.md */,
				E1025B921EB0DB21007CF292 /* SPWebView */,
				E1025B911EB0DB21007CF292 /* Products */,
				EA997AB972C6F7D8F368E68B /* Pods */,
				3A7B8E4ECBB6BA078B44A4C2 /* Frameworks */,
			);
			sourceTree = "<group>";
		};
		E1025B911EB0DB21007CF292 /* Products */ = {
			isa = PBXGroup;
			children = (
				E1025B901EB0DB21007CF292 /* SPWebView.app */,
			);
			name = Products;
			sourceTree = "<group>";
		};
		E1025B921EB0DB21007CF292 /* SPWebView */ = {
			isa = PBXGroup;
			children = (
				E12420561EB3057100DB2837 /* Resource */,
				E12420591EB3057100DB2837 /* SPWebView */,
				E1025B961EB0DB21007CF292 /* AppDelegate.h */,
				E1025B971EB0DB21007CF292 /* AppDelegate.m */,
				E1377B2B1EB1E18E008BC1A1 /* HomeVC.h */,
				E1377B2C1EB1E18E008BC1A1 /* HomeVC.m */,
				E1025B9C1EB0DB21007CF292 /* Main.storyboard */,
				E1025B9F1EB0DB21007CF292 /* Assets.xcassets */,
				E1025BA11EB0DB21007CF292 /* LaunchScreen.storyboard */,
				E1025BA41EB0DB21007CF292 /* Info.plist */,
				E1025B931EB0DB21007CF292 /* Supporting Files */,
			);
			path = SPWebView;
			sourceTree = "<group>";
		};
		E1025B931EB0DB21007CF292 /* Supporting Files */ = {
			isa = PBXGroup;
			children = (
				E1025B941EB0DB21007CF292 /* main.m */,
			);
			name = "Supporting Files";
			sourceTree = "<group>";
		};
		E12420561EB3057100DB2837 /* Resource */ = {
			isa = PBXGroup;
			children = (
				E12420571EB3057100DB2837 /* CHWebView.png */,
				E12420581EB3057100DB2837 /* WebView.gif */,
			);
			path = Resource;
			sourceTree = "<group>";
		};
		E12420591EB3057100DB2837 /* SPWebView */ = {
			isa = PBXGroup;
			children = (
				E124205A1EB3057100DB2837 /* Core */,
				E12420681EB3057100DB2837 /* Resource */,
			);
			path = SPWebView;
			sourceTree = "<group>";
		};
		E124205A1EB3057100DB2837 /* Core */ = {
			isa = PBXGroup;
			children = (
				1E4F8565248932130001B979 /* UIBarButtonItem+JItem.m */,
				1E4F856424892F130001B979 /* UIBarButtonItem+JItem.h */,
				1E4F856124892CA10001B979 /* SPBundleTools.h */,
				1E4F856224892CA10001B979 /* SPBundleTools.m */,
				E124205B1EB3057100DB2837 /* SPWebListDemo.h */,
				E124205C1EB3057100DB2837 /* SPWebListDemo.m */,
				E124205D1EB3057100DB2837 /* SPWebVCDemo.h */,
				E124205E1EB3057100DB2837 /* SPWebVCDemo.m */,
				1E1769AD2472B77E0082E7F4 /* LSPWebView.h */,
				1E1769AC2472B77E0082E7F4 /* LSPWebView.m */,
				1E1769AA2472B77E0082E7F4 /* LSPWebViewController.h */,
				1E1769AB2472B77E0082E7F4 /* LSPWebViewController.m */,
			);
			path = Core;
			sourceTree = "<group>";
		};
		E12420681EB3057100DB2837 /* Resource */ = {
			isa = PBXGroup;
			children = (
				E12420691EB3057100DB2837 /* SPWebView.bundle */,
			);
			path = Resource;
			sourceTree = "<group>";
		};
		EA997AB972C6F7D8F368E68B /* Pods */ = {
			isa = PBXGroup;
			children = (
				E7E9D5981AA8B614978872BF /* Pods-SPWebView.debug.xcconfig */,
				0B64B115F3A31E0149E72DE7 /* Pods-SPWebView.release.xcconfig */,
			);
			name = Pods;
			sourceTree = "<group>";
		};
/* End PBXGroup section */

/* Begin PBXNativeTarget section */
		E1025B8F1EB0DB21007CF292 /* SPWebView */ = {
			isa = PBXNativeTarget;
			buildConfigurationList = E1025BA71EB0DB21007CF292 /* Build configuration list for PBXNativeTarget "SPWebView" */;
			buildPhases = (
				B463B2EFC3A8FA514BBC5865 /* [CP] Check Pods Manifest.lock */,
				E1025B8C1EB0DB21007CF292 /* Sources */,
				E1025B8D1EB0DB21007CF292 /* Frameworks */,
				E1025B8E1EB0DB21007CF292 /* Resources */,
				856E89A0160F371E803FCEDA /* [CP] Copy Pods Resources */,
			);
			buildRules = (
			);
			dependencies = (
			);
			name = SPWebView;
			productName = SPWebView;
			productReference = E1025B901EB0DB21007CF292 /* SPWebView.app */;
			productType = "com.apple.product-type.application";
		};
/* End PBXNativeTarget section */

/* Begin PBXProject section */
		E1025B881EB0DB21007CF292 /* Project object */ = {
			isa = PBXProject;
			attributes = {
				LastUpgradeCheck = 0820;
				ORGANIZATIONNAME = lishiping;
				TargetAttributes = {
					E1025B8F1EB0DB21007CF292 = {
						CreatedOnToolsVersion = 8.2.1;
						DevelopmentTeam = 59R6D7WJ6M;
						ProvisioningStyle = Automatic;
					};
				};
			};
			buildConfigurationList = E1025B8B1EB0DB21007CF292 /* Build configuration list for PBXProject "SPWebView" */;
			compatibilityVersion = "Xcode 3.2";
			developmentRegion = English;
			hasScannedForEncodings = 0;
			knownRegions = (
				English,
				en,
				Base,
			);
			mainGroup = E1025B871EB0DB21007CF292;
			productRefGroup = E1025B911EB0DB21007CF292 /* Products */;
			projectDirPath = "";
			projectRoot = "";
			targets = (
				E1025B8F1EB0DB21007CF292 /* SPWebView */,
			);
		};
/* End PBXProject section */

/* Begin PBXResourcesBuildPhase section */
		E1025B8E1EB0DB21007CF292 /* Resources */ = {
			isa = PBXResourcesBuildPhase;
			buildActionMask = 2147483647;
			files = (
				E12420731EB3057100DB2837 /* SPWebView.bundle in Resources */,
				E124206C1EB3057100DB2837 /* WebView.gif in Resources */,
				E124206B1EB3057100DB2837 /* CHWebView.png in Resources */,
				E1025BA31EB0DB21007CF292 /* LaunchScreen.storyboard in Resources */,
				E1025BA01EB0DB21007CF292 /* Assets.xcassets in Resources */,
				E1025B9E1EB0DB21007CF292 /* Main.storyboard in Resources */,
			);
			runOnlyForDeploymentPostprocessing = 0;
		};
/* End PBXResourcesBuildPhase section */

/* Begin PBXShellScriptBuildPhase section */
		856E89A0160F371E803FCEDA /* [CP] Copy Pods Resources */ = {
			isa = PBXShellScriptBuildPhase;
			buildActionMask = 2147483647;
			files = (
			);
			inputPaths = (
				"${PODS_ROOT}/Target Support Files/Pods-SPWebView/Pods-SPWebView-resources.sh",
				"${PODS_ROOT}/SPCategory/SPCategory/Resource/SPCategory.bundle",
			);
			name = "[CP] Copy Pods Resources";
			outputPaths = (
				"${TARGET_BUILD_DIR}/${UNLOCALIZED_RESOURCES_FOLDER_PATH}/SPCategory.bundle",
			);
			runOnlyForDeploymentPostprocessing = 0;
			shellPath = /bin/sh;
			shellScript = "\"${PODS_ROOT}/Target Support Files/Pods-SPWebView/Pods-SPWebView-resources.sh\"\n";
			showEnvVarsInLog = 0;
		};
		B463B2EFC3A8FA514BBC5865 /* [CP] Check Pods Manifest.lock */ = {
			isa = PBXShellScriptBuildPhase;
			buildActionMask = 2147483647;
			files = (
			);
			inputPaths = (
				"${PODS_PODFILE_DIR_PATH}/Podfile.lock",
				"${PODS_ROOT}/Manifest.lock",
			);
			name = "[CP] Check Pods Manifest.lock";
			outputPaths = (
				"$(DERIVED_FILE_DIR)/Pods-SPWebView-checkManifestLockResult.txt",
			);
			runOnlyForDeploymentPostprocessing = 0;
			shellPath = /bin/sh;
			shellScript = "diff \"${PODS_PODFILE_DIR_PATH}/Podfile.lock\" \"${PODS_ROOT}/Manifest.lock\" > /dev/null\nif [ $? != 0 ] ; then\n    # print error to STDERR\n    echo \"error: The sandbox is not in sync with the Podfile.lock. Run 'pod install' or update your CocoaPods installation.\" >&2\n    exit 1\nfi\n# This output is used by Xcode 'outputs' to avoid re-running this script phase.\necho \"SUCCESS\" > \"${SCRIPT_OUTPUT_FILE_0}\"\n";
			showEnvVarsInLog = 0;
		};
/* End PBXShellScriptBuildPhase section */

/* Begin PBXSourcesBuildPhase section */
		E1025B8C1EB0DB21007CF292 /* Sources */ = {
			isa = PBXSourcesBuildPhase;
			buildActionMask = 2147483647;
			files = (
				1E1769AF2472B77E0082E7F4 /* LSPWebView.m in Sources */,
				E12420751EB3249B00DB2837 /* README.md in Sources */,
				1E4F8566248932130001B979 /* UIBarButtonItem+JItem.m in Sources */,
				E124206D1EB3057100DB2837 /* SPWebListDemo.m in Sources */,
				E1025B981EB0DB21007CF292 /* AppDelegate.m in Sources */,
				E1377B2D1EB1E18E008BC1A1 /* HomeVC.m in Sources */,
				E124206E1EB3057100DB2837 /* SPWebVCDemo.m in Sources */,
				E1025B951EB0DB21007CF292 /* main.m in Sources */,
				1E1769AE2472B77E0082E7F4 /* LSPWebViewController.m in Sources */,
				1E4F856324892CA10001B979 /* SPBundleTools.m in Sources */,
			);
			runOnlyForDeploymentPostprocessing = 0;
		};
/* End PBXSourcesBuildPhase section */

/* Begin PBXVariantGroup section */
		E1025B9C1EB0DB21007CF292 /* Main.storyboard */ = {
			isa = PBXVariantGroup;
			children = (
				E1025B9D1EB0DB21007CF292 /* Base */,
			);
			name = Main.storyboard;
			sourceTree = "<group>";
		};
		E1025BA11EB0DB21007CF292 /* LaunchScreen.storyboard */ = {
			isa = PBXVariantGroup;
			children = (
				E1025BA21EB0DB21007CF292 /* Base */,
			);
			name = LaunchScreen.storyboard;
			sourceTree = "<group>";
		};
/* End PBXVariantGroup section */

/* Begin XCBuildConfiguration section */
		E1025BA51EB0DB21007CF292 /* Debug */ = {
			isa = XCBuildConfiguration;
			buildSettings = {
				ALWAYS_SEARCH_USER_PATHS = NO;
				CLANG_ANALYZER_NONNULL = YES;
				CLANG_CXX_LANGUAGE_STANDARD = "gnu++0x";
				CLANG_CXX_LIBRARY = "libc++";
				CLANG_ENABLE_MODULES = YES;
				CLANG_ENABLE_OBJC_ARC = YES;
				CLANG_WARN_BOOL_CONVERSION = YES;
				CLANG_WARN_CONSTANT_CONVERSION = YES;
				CLANG_WARN_DIRECT_OBJC_ISA_USAGE = YES_ERROR;
				CLANG_WARN_DOCUMENTATION_COMMENTS = YES;
				CLANG_WARN_EMPTY_BODY = YES;
				CLANG_WARN_ENUM_CONVERSION = YES;
				CLANG_WARN_INFINITE_RECURSION = YES;
				CLANG_WARN_INT_CONVERSION = YES;
				CLANG_WARN_OBJC_ROOT_CLASS = YES_ERROR;
				CLANG_WARN_SUSPICIOUS_MOVE = YES;
				CLANG_WARN_UNREACHABLE_CODE = YES;
				CLANG_WARN__DUPLICATE_METHOD_MATCH = YES;
				"CODE_SIGN_IDENTITY[sdk=iphoneos*]" = "iPhone Developer";
				COPY_PHASE_STRIP = NO;
				DEBUG_INFORMATION_FORMAT = dwarf;
				ENABLE_STRICT_OBJC_MSGSEND = YES;
				ENABLE_TESTABILITY = YES;
				GCC_C_LANGUAGE_STANDARD = gnu99;
				GCC_DYNAMIC_NO_PIC = NO;
				GCC_NO_COMMON_BLOCKS = YES;
				GCC_OPTIMIZATION_LEVEL = 0;
				GCC_PREPROCESSOR_DEFINITIONS = (
					"DEBUG=1",
					"$(inherited)",
				);
				GCC_WARN_64_TO_32_BIT_CONVERSION = YES;
				GCC_WARN_ABOUT_RETURN_TYPE = YES_ERROR;
				GCC_WARN_UNDECLARED_SELECTOR = YES;
				GCC_WARN_UNINITIALIZED_AUTOS = YES_AGGRESSIVE;
				GCC_WARN_UNUSED_FUNCTION = YES;
				GCC_WARN_UNUSED_VARIABLE = YES;
				IPHONEOS_DEPLOYMENT_TARGET = 10.2;
				MTL_ENABLE_DEBUG_INFO = YES;
				ONLY_ACTIVE_ARCH = YES;
				SDKROOT = iphoneos;
			};
			name = Debug;
		};
		E1025BA61EB0DB21007CF292 /* Release */ = {
			isa = XCBuildConfiguration;
			buildSettings = {
				ALWAYS_SEARCH_USER_PATHS = NO;
				CLANG_ANALYZER_NONNULL = YES;
				CLANG_CXX_LANGUAGE_STANDARD = "gnu++0x";
				CLANG_CXX_LIBRARY = "libc++";
				CLANG_ENABLE_MODULES = YES;
				CLANG_ENABLE_OBJC_ARC = YES;
				CLANG_WARN_BOOL_CONVERSION = YES;
				CLANG_WARN_CONSTANT_CONVERSION = YES;
				CLANG_WARN_DIRECT_OBJC_ISA_USAGE = YES_ERROR;
				CLANG_WARN_DOCUMENTATION_COMMENTS = YES;
				CLANG_WARN_EMPTY_BODY = YES;
				CLANG_WARN_ENUM_CONVERSION = YES;
				CLANG_WARN_INFINITE_RECURSION = YES;
				CLANG_WARN_INT_CONVERSION = YES;
				CLANG_WARN_OBJC_ROOT_CLASS = YES_ERROR;
				CLANG_WARN_SUSPICIOUS_MOVE = YES;
				CLANG_WARN_UNREACHABLE_CODE = YES;
				CLANG_WARN__DUPLICATE_METHOD_MATCH = YES;
				"CODE_SIGN_IDENTITY[sdk=iphoneos*]" = "iPhone Developer";
				COPY_PHASE_STRIP = NO;
				DEBUG_INFORMATION_FORMAT = "dwarf-with-dsym";
				ENABLE_NS_ASSERTIONS = NO;
				ENABLE_STRICT_OBJC_MSGSEND = YES;
				GCC_C_LANGUAGE_STANDARD = gnu99;
				GCC_NO_COMMON_BLOCKS = YES;
				GCC_WARN_64_TO_32_BIT_CONVERSION = YES;
				GCC_WARN_ABOUT_RETURN_TYPE = YES_ERROR;
				GCC_WARN_UNDECLARED_SELECTOR = YES;
				GCC_WARN_UNINITIALIZED_AUTOS = YES_AGGRESSIVE;
				GCC_WARN_UNUSED_FUNCTION = YES;
				GCC_WARN_UNUSED_VARIABLE = YES;
				IPHONEOS_DEPLOYMENT_TARGET = 10.2;
				MTL_ENABLE_DEBUG_INFO = NO;
				SDKROOT = iphoneos;
				VALIDATE_PRODUCT = YES;
			};
			name = Release;
		};
		E1025BA81EB0DB21007CF292 /* Debug */ = {
			isa = XCBuildConfiguration;
			baseConfigurationReference = E7E9D5981AA8B614978872BF /* Pods-SPWebView.debug.xcconfig */;
			buildSettings = {
				ASSETCATALOG_COMPILER_APPICON_NAME = AppIcon;
				DEVELOPMENT_TEAM = 59R6D7WJ6M;
				INFOPLIST_FILE = SPWebView/Info.plist;
				IPHONEOS_DEPLOYMENT_TARGET = 8.0;
				LD_RUNPATH_SEARCH_PATHS = "$(inherited) @executable_path/Frameworks";
				PRODUCT_BUNDLE_IDENTIFIER = lishping.SPWebView;
				PRODUCT_NAME = "$(TARGET_NAME)";
			};
			name = Debug;
		};
		E1025BA91EB0DB21007CF292 /* Release */ = {
			isa = XCBuildConfiguration;
			baseConfigurationReference = 0B64B115F3A31E0149E72DE7 /* Pods-SPWebView.release.xcconfig */;
			buildSettings = {
				ASSETCATALOG_COMPILER_APPICON_NAME = AppIcon;
				DEVELOPMENT_TEAM = 59R6D7WJ6M;
				INFOPLIST_FILE = SPWebView/Info.plist;
				IPHONEOS_DEPLOYMENT_TARGET = 8.0;
				LD_RUNPATH_SEARCH_PATHS = "$(inherited) @executable_path/Frameworks";
				PRODUCT_BUNDLE_IDENTIFIER = lishping.SPWebView;
				PRODUCT_NAME = "$(TARGET_NAME)";
			};
			name = Release;
		};
/* End XCBuildConfiguration section */

/* Begin XCConfigurationList section */
		E1025B8B1EB0DB21007CF292 /* Build configuration list for PBXProject "SPWebView" */ = {
			isa = XCConfigurationList;
			buildConfigurations = (
				E1025BA51EB0DB21007CF292 /* Debug */,
				E1025BA61EB0DB21007CF292 /* Release */,
			);
			defaultConfigurationIsVisible = 0;
			defaultConfigurationName = Release;
		};
		E1025BA71EB0DB21007CF292 /* Build configuration list for PBXNativeTarget "SPWebView" */ = {
			isa = XCConfigurationList;
			buildConfigurations = (
				E1025BA81EB0DB21007CF292 /* Debug */,
				E1025BA91EB0DB21007CF292 /* Release */,
			);
			defaultConfigurationIsVisible = 0;
			defaultConfigurationName = Release;
		};
/* End XCConfigurationList section */
	};
	rootObject = E1025B881EB0DB21007CF292 /* Project object */;
}
